// !$*UTF8*$!
{
	archiveVersion = 1;
	classes = {
	};
	objectVersion = 50;
	objects = {

/* Begin PBXBuildFile section */
		3999B1A924AAC63F00428F3A /* AppDelegate.swift in Sources */ = {isa = PBXBuildFile; fileRef = 3999B1A824AAC63F00428F3A /* AppDelegate.swift */; };
		3999B1AB24AAC63F00428F3A /* SceneDelegate.swift in Sources */ = {isa = PBXBuildFile; fileRef = 3999B1AA24AAC63F00428F3A /* SceneDelegate.swift */; };
		3999B1AD24AAC63F00428F3A /* MainMenuViewController.swift in Sources */ = {isa = PBXBuildFile; fileRef = 3999B1AC24AAC63F00428F3A /* MainMenuViewController.swift */; };
		3999B1B024AAC63F00428F3A /* MainMenuViewController.storyboard in Resources */ = {isa = PBXBuildFile; fileRef = 3999B1AE24AAC63F00428F3A /* MainMenuViewController.storyboard */; };
		3999B1B224AAC64000428F3A /* Assets.xcassets in Resources */ = {isa = PBXBuildFile; fileRef = 3999B1B124AAC64000428F3A /* Assets.xcassets */; };
		3999B1B524AAC64000428F3A /* LaunchScreen.storyboard in Resources */ = {isa = PBXBuildFile; fileRef = 3999B1B324AAC64000428F3A /* LaunchScreen.storyboard */; };
		3999B1C024AAC64000428F3A /* Lowes_PresentationTests.swift in Sources */ = {isa = PBXBuildFile; fileRef = 3999B1BF24AAC64000428F3A /* Lowes_PresentationTests.swift */; };
		3999B1CB24AAC64000428F3A /* Lowes_PresentationUITests.swift in Sources */ = {isa = PBXBuildFile; fileRef = 3999B1CA24AAC64000428F3A /* Lowes_PresentationUITests.swift */; };
		3999B1DC24AAD8F400428F3A /* Coordinator.swift in Sources */ = {isa = PBXBuildFile; fileRef = 3999B1DB24AAD8F400428F3A /* Coordinator.swift */; };
		3999B1DF24AAD95700428F3A /* Storyboarded.swift in Sources */ = {isa = PBXBuildFile; fileRef = 3999B1DE24AAD95700428F3A /* Storyboarded.swift */; };
		3999B1E124AAD9ED00428F3A /* MainMenuCoordinator.swift in Sources */ = {isa = PBXBuildFile; fileRef = 3999B1E024AAD9ED00428F3A /* MainMenuCoordinator.swift */; };
/* End PBXBuildFile section */

/* Begin PBXContainerItemProxy section */
		3999B1BC24AAC64000428F3A /* PBXContainerItemProxy */ = {
			isa = PBXContainerItemProxy;
			containerPortal = 3999B19D24AAC63F00428F3A /* Project object */;
			proxyType = 1;
			remoteGlobalIDString = 3999B1A424AAC63F00428F3A;
			remoteInfo = "Lowes Presentation";
		};
		3999B1C724AAC64000428F3A /* PBXContainerItemProxy */ = {
			isa = PBXContainerItemProxy;
			containerPortal = 3999B19D24AAC63F00428F3A /* Project object */;
			proxyType = 1;
			remoteGlobalIDString = 3999B1A424AAC63F00428F3A;
			remoteInfo = "Lowes Presentation";
		};
/* End PBXContainerItemProxy section */

/* Begin PBXFileReference section */
		3999B1A524AAC63F00428F3A /* Lowes Presentation.app */ = {isa = PBXFileReference; explicitFileType = wrapper.application; includeInIndex = 0; path = "Lowes Presentation.app"; sourceTree = BUILT_PRODUCTS_DIR; };
		3999B1A824AAC63F00428F3A /* AppDelegate.swift */ = {isa = PBXFileReference; lastKnownFileType = sourcecode.swift; path = AppDelegate.swift; sourceTree = "<group>"; };
		3999B1AA24AAC63F00428F3A /* SceneDelegate.swift */ = {isa = PBXFileReference; lastKnownFileType = sourcecode.swift; path = SceneDelegate.swift; sourceTree = "<group>"; };
		3999B1AC24AAC63F00428F3A /* MainMenuViewController.swift */ = {isa = PBXFileReference; lastKnownFileType = sourcecode.swift; path = MainMenuViewController.swift; sourceTree = "<group>"; };
		3999B1AF24AAC63F00428F3A /* Base */ = {isa = PBXFileReference; lastKnownFileType = file.storyboard; name = Base; path = Base.lproj/MainMenuViewController.storyboard; sourceTree = "<group>"; };
		3999B1B124AAC64000428F3A /* Assets.xcassets */ = {isa = PBXFileReference; lastKnownFileType = folder.assetcatalog; path = Assets.xcassets; sourceTree = "<group>"; };
		3999B1B424AAC64000428F3A /* Base */ = {isa = PBXFileReference; lastKnownFileType = file.storyboard; name = Base; path = Base.lproj/LaunchScreen.storyboard; sourceTree = "<group>"; };
		3999B1B624AAC64000428F3A /* Info.plist */ = {isa = PBXFileReference; lastKnownFileType = text.plist.xml; path = Info.plist; sourceTree = "<group>"; };
		3999B1BB24AAC64000428F3A /* Lowes PresentationTests.xctest */ = {isa = PBXFileReference; explicitFileType = wrapper.cfbundle; includeInIndex = 0; path = "Lowes PresentationTests.xctest"; sourceTree = BUILT_PRODUCTS_DIR; };
		3999B1BF24AAC64000428F3A /* Lowes_PresentationTests.swift */ = {isa = PBXFileReference; lastKnownFileType = sourcecode.swift; path = Lowes_PresentationTests.swift; sourceTree = "<group>"; };
		3999B1C124AAC64000428F3A /* Info.plist */ = {isa = PBXFileReference; lastKnownFileType = text.plist.xml; path = Info.plist; sourceTree = "<group>"; };
		3999B1C624AAC64000428F3A /* Lowes PresentationUITests.xctest */ = {isa = PBXFileReference; explicitFileType = wrapper.cfbundle; includeInIndex = 0; path = "Lowes PresentationUITests.xctest"; sourceTree = BUILT_PRODUCTS_DIR; };
		3999B1CA24AAC64000428F3A /* Lowes_PresentationUITests.swift */ = {isa = PBXFileReference; lastKnownFileType = sourcecode.swift; path = Lowes_PresentationUITests.swift; sourceTree = "<group>"; };
		3999B1CC24AAC64000428F3A /* Info.plist */ = {isa = PBXFileReference; lastKnownFileType = text.plist.xml; path = Info.plist; sourceTree = "<group>"; };
		3999B1DB24AAD8F400428F3A /* Coordinator.swift */ = {isa = PBXFileReference; lastKnownFileType = sourcecode.swift; path = Coordinator.swift; sourceTree = "<group>"; };
		3999B1DE24AAD95700428F3A /* Storyboarded.swift */ = {isa = PBXFileReference; lastKnownFileType = sourcecode.swift; path = Storyboarded.swift; sourceTree = "<group>"; };
		3999B1E024AAD9ED00428F3A /* MainMenuCoordinator.swift */ = {isa = PBXFileReference; lastKnownFileType = sourcecode.swift; path = MainMenuCoordinator.swift; sourceTree = "<group>"; };
/* End PBXFileReference section */

/* Begin PBXFrameworksBuildPhase section */
		3999B1A224AAC63F00428F3A /* Frameworks */ = {
			isa = PBXFrameworksBuildPhase;
			buildActionMask = 2147483647;
			files = (
			);
			runOnlyForDeploymentPostprocessing = 0;
		};
		3999B1B824AAC64000428F3A /* Frameworks */ = {
			isa = PBXFrameworksBuildPhase;
			buildActionMask = 2147483647;
			files = (
			);
			runOnlyForDeploymentPostprocessing = 0;
		};
		3999B1C324AAC64000428F3A /* Frameworks */ = {
			isa = PBXFrameworksBuildPhase;
			buildActionMask = 2147483647;
			files = (
			);
			runOnlyForDeploymentPostprocessing = 0;
		};
/* End PBXFrameworksBuildPhase section */

/* Begin PBXGroup section */
		3999B19C24AAC63F00428F3A = {
			isa = PBXGroup;
			children = (
				3999B1A724AAC63F00428F3A /* Lowes Presentation */,
				3999B1BE24AAC64000428F3A /* Lowes PresentationTests */,
				3999B1C924AAC64000428F3A /* Lowes PresentationUITests */,
				3999B1A624AAC63F00428F3A /* Products */,
			);
			sourceTree = "<group>";
		};
		3999B1A624AAC63F00428F3A /* Products */ = {
			isa = PBXGroup;
			children = (
				3999B1A524AAC63F00428F3A /* Lowes Presentation.app */,
				3999B1BB24AAC64000428F3A /* Lowes PresentationTests.xctest */,
				3999B1C624AAC64000428F3A /* Lowes PresentationUITests.xctest */,
			);
			name = Products;
			sourceTree = "<group>";
		};
		3999B1A724AAC63F00428F3A /* Lowes Presentation */ = {
			isa = PBXGroup;
			children = (
				3999B1DD24AAD94900428F3A /* Storyboarded */,
				3999B1D924AAD8B900428F3A /* Necessary App Files */,
				3999B1D824AAD8AC00428F3A /* Coordinators */,
				3999B1DA24AAD8DD00428F3A /* Main Menu */,
				3999B1B124AAC64000428F3A /* Assets.xcassets */,
				3999B1B324AAC64000428F3A /* LaunchScreen.storyboard */,
				3999B1B624AAC64000428F3A /* Info.plist */,
			);
			path = "Lowes Presentation";
			sourceTree = "<group>";
		};
		3999B1BE24AAC64000428F3A /* Lowes PresentationTests */ = {
			isa = PBXGroup;
			children = (
				3999B1BF24AAC64000428F3A /* Lowes_PresentationTests.swift */,
				3999B1C124AAC64000428F3A /* Info.plist */,
			);
			path = "Lowes PresentationTests";
			sourceTree = "<group>";
		};
		3999B1C924AAC64000428F3A /* Lowes PresentationUITests */ = {
			isa = PBXGroup;
			children = (
				3999B1CA24AAC64000428F3A /* Lowes_PresentationUITests.swift */,
				3999B1CC24AAC64000428F3A /* Info.plist */,
			);
			path = "Lowes PresentationUITests";
			sourceTree = "<group>";
		};
		3999B1D824AAD8AC00428F3A /* Coordinators */ = {
			isa = PBXGroup;
			children = (
				3999B1DB24AAD8F400428F3A /* Coordinator.swift */,
				3999B1E024AAD9ED00428F3A /* MainMenuCoordinator.swift */,
			);
			path = Coordinators;
			sourceTree = "<group>";
		};
		3999B1D924AAD8B900428F3A /* Necessary App Files */ = {
			isa = PBXGroup;
			children = (
				3999B1A824AAC63F00428F3A /* AppDelegate.swift */,
				3999B1AA24AAC63F00428F3A /* SceneDelegate.swift */,
			);
			path = "Necessary App Files";
			sourceTree = "<group>";
		};
		3999B1DA24AAD8DD00428F3A /* Main Menu */ = {
			isa = PBXGroup;
			children = (
				3999B1AC24AAC63F00428F3A /* MainMenuViewController.swift */,
				3999B1AE24AAC63F00428F3A /* MainMenuViewController.storyboard */,
			);
			path = "Main Menu";
			sourceTree = "<group>";
		};
		3999B1DD24AAD94900428F3A /* Storyboarded */ = {
			isa = PBXGroup;
			children = (
				3999B1DE24AAD95700428F3A /* Storyboarded.swift */,
			);
			path = Storyboarded;
			sourceTree = "<group>";
		};
/* End PBXGroup section */

/* Begin PBXNativeTarget section */
		3999B1A424AAC63F00428F3A /* Lowes Presentation */ = {
			isa = PBXNativeTarget;
			buildConfigurationList = 3999B1CF24AAC64000428F3A /* Build configuration list for PBXNativeTarget "Lowes Presentation" */;
			buildPhases = (
				3999B1A124AAC63F00428F3A /* Sources */,
				3999B1A224AAC63F00428F3A /* Frameworks */,
				3999B1A324AAC63F00428F3A /* Resources */,
			);
			buildRules = (
			);
			dependencies = (
			);
			name = "Lowes Presentation";
			productName = "Lowes Presentation";
			productReference = 3999B1A524AAC63F00428F3A /* Lowes Presentation.app */;
			productType = "com.apple.product-type.application";
		};
		3999B1BA24AAC64000428F3A /* Lowes PresentationTests */ = {
			isa = PBXNativeTarget;
			buildConfigurationList = 3999B1D224AAC64000428F3A /* Build configuration list for PBXNativeTarget "Lowes PresentationTests" */;
			buildPhases = (
				3999B1B724AAC64000428F3A /* Sources */,
				3999B1B824AAC64000428F3A /* Frameworks */,
				3999B1B924AAC64000428F3A /* Resources */,
			);
			buildRules = (
			);
			dependencies = (
				3999B1BD24AAC64000428F3A /* PBXTargetDependency */,
			);
			name = "Lowes PresentationTests";
			productName = "Lowes PresentationTests";
			productReference = 3999B1BB24AAC64000428F3A /* Lowes PresentationTests.xctest */;
			productType = "com.apple.product-type.bundle.unit-test";
		};
		3999B1C524AAC64000428F3A /* Lowes PresentationUITests */ = {
			isa = PBXNativeTarget;
			buildConfigurationList = 3999B1D524AAC64000428F3A /* Build configuration list for PBXNativeTarget "Lowes PresentationUITests" */;
			buildPhases = (
				3999B1C224AAC64000428F3A /* Sources */,
				3999B1C324AAC64000428F3A /* Frameworks */,
				3999B1C424AAC64000428F3A /* Resources */,
			);
			buildRules = (
			);
			dependencies = (
				3999B1C824AAC64000428F3A /* PBXTargetDependency */,
			);
			name = "Lowes PresentationUITests";
			productName = "Lowes PresentationUITests";
			productReference = 3999B1C624AAC64000428F3A /* Lowes PresentationUITests.xctest */;
			productType = "com.apple.product-type.bundle.ui-testing";
		};
/* End PBXNativeTarget section */

/* Begin PBXProject section */
		3999B19D24AAC63F00428F3A /* Project object */ = {
			isa = PBXProject;
			attributes = {
				LastSwiftUpdateCheck = 1150;
				LastUpgradeCheck = 1150;
				ORGANIZATIONNAME = "Josh Jaslow";
				TargetAttributes = {
					3999B1A424AAC63F00428F3A = {
						CreatedOnToolsVersion = 11.5;
					};
					3999B1BA24AAC64000428F3A = {
						CreatedOnToolsVersion = 11.5;
						TestTargetID = 3999B1A424AAC63F00428F3A;
					};
					3999B1C524AAC64000428F3A = {
						CreatedOnToolsVersion = 11.5;
						TestTargetID = 3999B1A424AAC63F00428F3A;
					};
				};
			};
			buildConfigurationList = 3999B1A024AAC63F00428F3A /* Build configuration list for PBXProject "Lowes Presentation" */;
			compatibilityVersion = "Xcode 9.3";
			developmentRegion = en;
			hasScannedForEncodings = 0;
			knownRegions = (
				en,
				Base,
			);
			mainGroup = 3999B19C24AAC63F00428F3A;
			productRefGroup = 3999B1A624AAC63F00428F3A /* Products */;
			projectDirPath = "";
			projectRoot = "";
			targets = (
				3999B1A424AAC63F00428F3A /* Lowes Presentation */,
				3999B1BA24AAC64000428F3A /* Lowes PresentationTests */,
				3999B1C524AAC64000428F3A /* Lowes PresentationUITests */,
			);
		};
/* End PBXProject section */

/* Begin PBXResourcesBuildPhase section */
		3999B1A324AAC63F00428F3A /* Resources */ = {
			isa = PBXResourcesBuildPhase;
			buildActionMask = 2147483647;
			files = (
				3999B1B524AAC64000428F3A /* LaunchScreen.storyboard in Resources */,
				3999B1B224AAC64000428F3A /* Assets.xcassets in Resources */,
				3999B1B024AAC63F00428F3A /* MainMenuViewController.storyboard in Resources */,
			);
			runOnlyForDeploymentPostprocessing = 0;
		};
		3999B1B924AAC64000428F3A /* Resources */ = {
			isa = PBXResourcesBuildPhase;
			buildActionMask = 2147483647;
			files = (
			);
			runOnlyForDeploymentPostprocessing = 0;
		};
		3999B1C424AAC64000428F3A /* Resources */ = {
			isa = PBXResourcesBuildPhase;
			buildActionMask = 2147483647;
			files = (
			);
			runOnlyForDeploymentPostprocessing = 0;
		};
/* End PBXResourcesBuildPhase section */

/* Begin PBXSourcesBuildPhase section */
		3999B1A124AAC63F00428F3A /* Sources */ = {
			isa = PBXSourcesBuildPhase;
			buildActionMask = 2147483647;
			files = (
				3999B1E124AAD9ED00428F3A /* MainMenuCoordinator.swift in Sources */,
				3999B1DC24AAD8F400428F3A /* Coordinator.swift in Sources */,
				3999B1AD24AAC63F00428F3A /* MainMenuViewController.swift in Sources */,
				3999B1DF24AAD95700428F3A /* Storyboarded.swift in Sources */,
				3999B1A924AAC63F00428F3A /* AppDelegate.swift in Sources */,
				3999B1AB24AAC63F00428F3A /* SceneDelegate.swift in Sources */,
			);
			runOnlyForDeploymentPostprocessing = 0;
		};
		3999B1B724AAC64000428F3A /* Sources */ = {
			isa = PBXSourcesBuildPhase;
			buildActionMask = 2147483647;
			files = (
				3999B1C024AAC64000428F3A /* Lowes_PresentationTests.swift in Sources */,
			);
			runOnlyForDeploymentPostprocessing = 0;
		};
		3999B1C224AAC64000428F3A /* Sources */ = {
			isa = PBXSourcesBuildPhase;
			buildActionMask = 2147483647;
			files = (
				3999B1CB24AAC64000428F3A /* Lowes_PresentationUITests.swift in Sources */,
			);
			runOnlyForDeploymentPostprocessing = 0;
		};
/* End PBXSourcesBuildPhase section */

/* Begin PBXTargetDependency section */
		3999B1BD24AAC64000428F3A /* PBXTargetDependency */ = {
			isa = PBXTargetDependency;
			target = 3999B1A424AAC63F00428F3A /* Lowes Presentation */;
			targetProxy = 3999B1BC24AAC64000428F3A /* PBXContainerItemProxy */;
		};
		3999B1C824AAC64000428F3A /* PBXTargetDependency */ = {
			isa = PBXTargetDependency;
			target = 3999B1A424AAC63F00428F3A /* Lowes Presentation */;
			targetProxy = 3999B1C724AAC64000428F3A /* PBXContainerItemProxy */;
		};
/* End PBXTargetDependency section */

/* Begin PBXVariantGroup section */
		3999B1AE24AAC63F00428F3A /* MainMenuViewController.storyboard */ = {
			isa = PBXVariantGroup;
			children = (
				3999B1AF24AAC63F00428F3A /* Base */,
			);
			name = MainMenuViewController.storyboard;
			sourceTree = "<group>";
		};
		3999B1B324AAC64000428F3A /* LaunchScreen.storyboard */ = {
			isa = PBXVariantGroup;
			children = (
				3999B1B424AAC64000428F3A /* Base */,
			);
			name = LaunchScreen.storyboard;
			sourceTree = "<group>";
		};
/* End PBXVariantGroup section */

/* Begin XCBuildConfiguration section */
		3999B1CD24AAC64000428F3A /* Debug */ = {
			isa = XCBuildConfiguration;
			buildSettings = {
				ALWAYS_SEARCH_USER_PATHS = NO;
				CLANG_ANALYZER_NONNULL = YES;
				CLANG_ANALYZER_NUMBER_OBJECT_CONVERSION = YES_AGGRESSIVE;
				CLANG_CXX_LANGUAGE_STANDARD = "gnu++14";
				CLANG_CXX_LIBRARY = "libc++";
				CLANG_ENABLE_MODULES = YES;
				CLANG_ENABLE_OBJC_ARC = YES;
				CLANG_ENABLE_OBJC_WEAK = YES;
				CLANG_WARN_BLOCK_CAPTURE_AUTORELEASING = YES;
				CLANG_WARN_BOOL_CONVERSION = YES;
				CLANG_WARN_COMMA = YES;
				CLANG_WARN_CONSTANT_CONVERSION = YES;
				CLANG_WARN_DEPRECATED_OBJC_IMPLEMENTATIONS = YES;
				CLANG_WARN_DIRECT_OBJC_ISA_USAGE = YES_ERROR;
				CLANG_WARN_DOCUMENTATION_COMMENTS = YES;
				CLANG_WARN_EMPTY_BODY = YES;
				CLANG_WARN_ENUM_CONVERSION = YES;
				CLANG_WARN_INFINITE_RECURSION = YES;
				CLANG_WARN_INT_CONVERSION = YES;
				CLANG_WARN_NON_LITERAL_NULL_CONVERSION = YES;
				CLANG_WARN_OBJC_IMPLICIT_RETAIN_SELF = YES;
				CLANG_WARN_OBJC_LITERAL_CONVERSION = YES;
				CLANG_WARN_OBJC_ROOT_CLASS = YES_ERROR;
				CLANG_WARN_RANGE_LOOP_ANALYSIS = YES;
				CLANG_WARN_STRICT_PROTOTYPES = YES;
				CLANG_WARN_SUSPICIOUS_MOVE = YES;
				CLANG_WARN_UNGUARDED_AVAILABILITY = YES_AGGRESSIVE;
				CLANG_WARN_UNREACHABLE_CODE = YES;
				CLANG_WARN__DUPLICATE_METHOD_MATCH = YES;
				COPY_PHASE_STRIP = NO;
				DEBUG_INFORMATION_FORMAT = dwarf;
				ENABLE_STRICT_OBJC_MSGSEND = YES;
				ENABLE_TESTABILITY = YES;
				GCC_C_LANGUAGE_STANDARD = gnu11;
				GCC_DYNAMIC_NO_PIC = NO;
				GCC_NO_COMMON_BLOCKS = YES;
				GCC_OPTIMIZATION_LEVEL = 0;
				GCC_PREPROCESSOR_DEFINITIONS = (
					"DEBUG=1",
					"$(inherited)",
				);
				GCC_WARN_64_TO_32_BIT_CONVERSION = YES;
				GCC_WARN_ABOUT_RETURN_TYPE = YES_ERROR;
				GCC_WARN_UNDECLARED_SELECTOR = YES;
				GCC_WARN_UNINITIALIZED_AUTOS = YES_AGGRESSIVE;
				GCC_WARN_UNUSED_FUNCTION = YES;
				GCC_WARN_UNUSED_VARIABLE = YES;
				IPHONEOS_DEPLOYMENT_TARGET = 13.5;
				MTL_ENABLE_DEBUG_INFO = INCLUDE_SOURCE;
				MTL_FAST_MATH = YES;
				ONLY_ACTIVE_ARCH = YES;
				SDKROOT = iphoneos;
				SWIFT_ACTIVE_COMPILATION_CONDITIONS = DEBUG;
				SWIFT_OPTIMIZATION_LEVEL = "-Onone";
			};
			name = Debug;
		};
		3999B1CE24AAC64000428F3A /* Release */ = {
			isa = XCBuildConfiguration;
			buildSettings = {
				ALWAYS_SEARCH_USER_PATHS = NO;
				CLANG_ANALYZER_NONNULL = YES;
				CLANG_ANALYZER_NUMBER_OBJECT_CONVERSION = YES_AGGRESSIVE;
				CLANG_CXX_LANGUAGE_STANDARD = "gnu++14";
				CLANG_CXX_LIBRARY = "libc++";
				CLANG_ENABLE_MODULES = YES;
				CLANG_ENABLE_OBJC_ARC = YES;
				CLANG_ENABLE_OBJC_WEAK = YES;
				CLANG_WARN_BLOCK_CAPTURE_AUTORELEASING = YES;
				CLANG_WARN_BOOL_CONVERSION = YES;
				CLANG_WARN_COMMA = YES;
				CLANG_WARN_CONSTANT_CONVERSION = YES;
				CLANG_WARN_DEPRECATED_OBJC_IMPLEMENTATIONS = YES;
				CLANG_WARN_DIRECT_OBJC_ISA_USAGE = YES_ERROR;
				CLANG_WARN_DOCUMENTATION_COMMENTS = YES;
				CLANG_WARN_EMPTY_BODY = YES;
				CLANG_WARN_ENUM_CONVERSION = YES;
				CLANG_WARN_INFINITE_RECURSION = YES;
				CLANG_WARN_INT_CONVERSION = YES;
				CLANG_WARN_NON_LITERAL_NULL_CONVERSION = YES;
				CLANG_WARN_OBJC_IMPLICIT_RETAIN_SELF = YES;
				CLANG_WARN_OBJC_LITERAL_CONVERSION = YES;
				CLANG_WARN_OBJC_ROOT_CLASS = YES_ERROR;
				CLANG_WARN_RANGE_LOOP_ANALYSIS = YES;
				CLANG_WARN_STRICT_PROTOTYPES = YES;
				CLANG_WARN_SUSPICIOUS_MOVE = YES;
				CLANG_WARN_UNGUARDED_AVAILABILITY = YES_AGGRESSIVE;
				CLANG_WARN_UNREACHABLE_CODE = YES;
				CLANG_WARN__DUPLICATE_METHOD_MATCH = YES;
				COPY_PHASE_STRIP = NO;
				DEBUG_INFORMATION_FORMAT = "dwarf-with-dsym";
				ENABLE_NS_ASSERTIONS = NO;
				ENABLE_STRICT_OBJC_MSGSEND = YES;
				GCC_C_LANGUAGE_STANDARD = gnu11;
				GCC_NO_COMMON_BLOCKS = YES;
				GCC_WARN_64_TO_32_BIT_CONVERSION = YES;
				GCC_WARN_ABOUT_RETURN_TYPE = YES_ERROR;
				GCC_WARN_UNDECLARED_SELECTOR = YES;
				GCC_WARN_UNINITIALIZED_AUTOS = YES_AGGRESSIVE;
				GCC_WARN_UNUSED_FUNCTION = YES;
				GCC_WARN_UNUSED_VARIABLE = YES;
				IPHONEOS_DEPLOYMENT_TARGET = 13.5;
				MTL_ENABLE_DEBUG_INFO = NO;
				MTL_FAST_MATH = YES;
				SDKROOT = iphoneos;
				SWIFT_COMPILATION_MODE = wholemodule;
				SWIFT_OPTIMIZATION_LEVEL = "-O";
				VALIDATE_PRODUCT = YES;
			};
			name = Release;
		};
		3999B1D024AAC64000428F3A /* Debug */ = {
			isa = XCBuildConfiguration;
			buildSettings = {
				ASSETCATALOG_COMPILER_APPICON_NAME = AppIcon;
				CODE_SIGN_STYLE = Automatic;
				DEVELOPMENT_TEAM = E5AAHWL9DL;
				INFOPLIST_FILE = "Lowes Presentation/Info.plist";
				LD_RUNPATH_SEARCH_PATHS = (
					"$(inherited)",
					"@executable_path/Frameworks",
				);
				PRODUCT_BUNDLE_IDENTIFIER = "com.awesomesauce.Lowes-Presentation";
				PRODUCT_NAME = "$(TARGET_NAME)";
				SWIFT_VERSION = 5.0;
				TARGETED_DEVICE_FAMILY = "1,2";
			};
			name = Debug;
		};
		3999B1D124AAC64000428F3A /* Release */ = {
			isa = XCBuildConfiguration;
			buildSettings = {
				ASSETCATALOG_COMPILER_APPICON_NAME = AppIcon;
				CODE_SIGN_STYLE = Automatic;
				DEVELOPMENT_TEAM = E5AAHWL9DL;
				INFOPLIST_FILE = "Lowes Presentation/Info.plist";
				LD_RUNPATH_SEARCH_PATHS = (
					"$(inherited)",
					"@executable_path/Frameworks",
				);
				PRODUCT_BUNDLE_IDENTIFIER = "com.awesomesauce.Lowes-Presentation";
				PRODUCT_NAME = "$(TARGET_NAME)";
				SWIFT_VERSION = 5.0;
				TARGETED_DEVICE_FAMILY = "1,2";
			};
			name = Release;
		};
		3999B1D324AAC64000428F3A /* Debug */ = {
			isa = XCBuildConfiguration;
			buildSettings = {
				ALWAYS_EMBED_SWIFT_STANDARD_LIBRARIES = YES;
				BUNDLE_LOADER = "$(TEST_HOST)";
				CODE_SIGN_STYLE = Automatic;
				INFOPLIST_FILE = "Lowes PresentationTests/Info.plist";
				IPHONEOS_DEPLOYMENT_TARGET = 13.5;
				LD_RUNPATH_SEARCH_PATHS = (
					"$(inherited)",
					"@executable_path/Frameworks",
					"@loader_path/Frameworks",
				);
				PRODUCT_BUNDLE_IDENTIFIER = "com.awesomesauce.Lowes-PresentationTests";
				PRODUCT_NAME = "$(TARGET_NAME)";
				SWIFT_VERSION = 5.0;
				TARGETED_DEVICE_FAMILY = "1,2";
				TEST_HOST = "$(BUILT_PRODUCTS_DIR)/Lowes Presentation.app/Lowes Presentation";
			};
			name = Debug;
		};
		3999B1D424AAC64000428F3A /* Release */ = {
			isa = XCBuildConfiguration;
			buildSettings = {
				ALWAYS_EMBED_SWIFT_STANDARD_LIBRARIES = YES;
				BUNDLE_LOADER = "$(TEST_HOST)";
				CODE_SIGN_STYLE = Automatic;
				INFOPLIST_FILE = "Lowes PresentationTests/Info.plist";
				IPHONEOS_DEPLOYMENT_TARGET = 13.5;
				LD_RUNPATH_SEARCH_PATHS = (
					"$(inherited)",
					"@executable_path/Frameworks",
					"@loader_path/Frameworks",
				);
				PRODUCT_BUNDLE_IDENTIFIER = "com.awesomesauce.Lowes-PresentationTests";
				PRODUCT_NAME = "$(TARGET_NAME)";
				SWIFT_VERSION = 5.0;
				TARGETED_DEVICE_FAMILY = "1,2";
				TEST_HOST = "$(BUILT_PRODUCTS_DIR)/Lowes Presentation.app/Lowes Presentation";
			};
			name = Release;
		};
		3999B1D624AAC64000428F3A /* Debug */ = {
			isa = XCBuildConfiguration;
			buildSettings = {
				ALWAYS_EMBED_SWIFT_STANDARD_LIBRARIES = YES;
				CODE_SIGN_STYLE = Automatic;
				INFOPLIST_FILE = "Lowes PresentationUITests/Info.plist";
				LD_RUNPATH_SEARCH_PATHS = (
					"$(inherited)",
					"@executable_path/Frameworks",
					"@loader_path/Frameworks",
				);
				PRODUCT_BUNDLE_IDENTIFIER = "com.awesomesauce.Lowes-PresentationUITests";
				PRODUCT_NAME = "$(TARGET_NAME)";
				SWIFT_VERSION = 5.0;
				TARGETED_DEVICE_FAMILY = "1,2";
				TEST_TARGET_NAME = "Lowes Presentation";
			};
			name = Debug;
		};
		3999B1D724AAC64000428F3A /* Release */ = {
			isa = XCBuildConfiguration;
			buildSettings = {
				ALWAYS_EMBED_SWIFT_STANDARD_LIBRARIES = YES;
				CODE_SIGN_STYLE = Automatic;
				INFOPLIST_FILE = "Lowes PresentationUITests/Info.plist";
				LD_RUNPATH_SEARCH_PATHS = (
					"$(inherited)",
					"@executable_path/Frameworks",
					"@loader_path/Frameworks",
				);
				PRODUCT_BUNDLE_IDENTIFIER = "com.awesomesauce.Lowes-PresentationUITests";
				PRODUCT_NAME = "$(TARGET_NAME)";
				SWIFT_VERSION = 5.0;
				TARGETED_DEVICE_FAMILY = "1,2";
				TEST_TARGET_NAME = "Lowes Presentation";
			};
			name = Release;
		};
/* End XCBuildConfiguration section */

/* Begin XCConfigurationList section */
		3999B1A024AAC63F00428F3A /* Build configuration list for PBXProject "Lowes Presentation" */ = {
			isa = XCConfigurationList;
			buildConfigurations = (
				3999B1CD24AAC64000428F3A /* Debug */,
				3999B1CE24AAC64000428F3A /* Release */,
			);
			defaultConfigurationIsVisible = 0;
			defaultConfigurationName = Release;
		};
		3999B1CF24AAC64000428F3A /* Build configuration list for PBXNativeTarget "Lowes Presentation" */ = {
			isa = XCConfigurationList;
			buildConfigurations = (
				3999B1D024AAC64000428F3A /* Debug */,
				3999B1D124AAC64000428F3A /* Release */,
			);
			defaultConfigurationIsVisible = 0;
			defaultConfigurationName = Release;
		};
		3999B1D224AAC64000428F3A /* Build configuration list for PBXNativeTarget "Lowes PresentationTests" */ = {
			isa = XCConfigurationList;
			buildConfigurations = (
				3999B1D324AAC64000428F3A /* Debug */,
				3999B1D424AAC64000428F3A /* Release */,
			);
			defaultConfigurationIsVisible = 0;
			defaultConfigurationName = Release;
		};
		3999B1D524AAC64000428F3A /* Build configuration list for PBXNativeTarget "Lowes PresentationUITests" */ = {
			isa = XCConfigurationList;
			buildConfigurations = (
				3999B1D624AAC64000428F3A /* Debug */,
				3999B1D724AAC64000428F3A /* Release */,
			);
			defaultConfigurationIsVisible = 0;
			defaultConfigurationName = Release;
		};
/* End XCConfigurationList section */
	};
	rootObject = 3999B19D24AAC63F00428F3A /* Project object */;
}
